
Microsoft Visual Studio Solution File, Format Version 12.00
Project("{FAE04EC0-301F-11D3-BF4B-00C04F79EFBC}") = "Overflow.AppHost", "Overflow.AppHost\Overflow.AppHost.csproj", "{A287E004-5509-41E6-950D-EBD006CC5E91}"
EndProject
Project("{FAE04EC0-301F-11D3-BF4B-00C04F79EFBC}") = "Overflow.ServiceDefaults", "Overflow.ServiceDefaults\Overflow.ServiceDefaults.csproj", "{B9AEC5AB-76B5-4F0F-904C-D61E18811F3B}"
EndProject
Project("{2150E333-8FDC-42A3-9474-1A3956D46DE8}") = "services", "services", "{8A123566-36C1-4C27-B05A-8A88AF1C73CE}"
EndProject
Project("{FAE04EC0-301F-11D3-BF4B-00C04F79EFBC}") = "QuestionService", "QuestionService\QuestionService.csproj", "{49AFA4A8-DFF8-4578-836B-08375CADDF10}"
EndProject
Project("{FAE04EC0-301F-11D3-BF4B-00C04F79EFBC}") = "SearchService", "SearchService\SearchService.csproj", "{1D599DD8-9FDE-42AD-AFC8-CA893D0B48AA}"
EndProject
Project("{2150E333-8FDC-42A3-9474-1A3956D46DE8}") = "common", "common", "{FF6B8C1E-E294-4016-94DD-E663D356CB5F}"
EndProject
Project("{FAE04EC0-301F-11D3-BF4B-00C04F79EFBC}") = "Contracts", "Contracts\Contracts.csproj", "{054D1C83-F455-49EC-A4D3-62C73ADCEA9B}"
EndProject
Project("{FAE04EC0-301F-11D3-BF4B-00C04F79EFBC}") = "VoteService", "VoteService\VoteService.csproj", "{A6E2FDE1-FB5F-40BD-9698-9341E1F31A09}"
EndProject
Project("{FAE04EC0-301F-11D3-BF4B-00C04F79EFBC}") = "Common", "Common\Common.csproj", "{2783D776-5493-47D8-BC07-63B65EAAE0BC}"
EndProject
Global
	GlobalSection(SolutionConfigurationPlatforms) = preSolution
		Debug|Any CPU = Debug|Any CPU
		Release|Any CPU = Release|Any CPU
	EndGlobalSection
	GlobalSection(ProjectConfigurationPlatforms) = postSolution
		{A287E004-5509-41E6-950D-EBD006CC5E91}.Debug|Any CPU.ActiveCfg = Debug|Any CPU
		{A287E004-5509-41E6-950D-EBD006CC5E91}.Debug|Any CPU.Build.0 = Debug|Any CPU
		{A287E004-5509-41E6-950D-EBD006CC5E91}.Release|Any CPU.ActiveCfg = Release|Any CPU
		{A287E004-5509-41E6-950D-EBD006CC5E91}.Release|Any CPU.Build.0 = Release|Any CPU
		{B9AEC5AB-76B5-4F0F-904C-D61E18811F3B}.Debug|Any CPU.ActiveCfg = Debug|Any CPU
		{B9AEC5AB-76B5-4F0F-904C-D61E18811F3B}.Debug|Any CPU.Build.0 = Debug|Any CPU
		{B9AEC5AB-76B5-4F0F-904C-D61E18811F3B}.Release|Any CPU.ActiveCfg = Release|Any CPU
		{B9AEC5AB-76B5-4F0F-904C-D61E18811F3B}.Release|Any CPU.Build.0 = Release|Any CPU
		{49AFA4A8-DFF8-4578-836B-08375CADDF10}.Debug|Any CPU.ActiveCfg = Debug|Any CPU
		{49AFA4A8-DFF8-4578-836B-08375CADDF10}.Debug|Any CPU.Build.0 = Debug|Any CPU
		{49AFA4A8-DFF8-4578-836B-08375CADDF10}.Release|Any CPU.ActiveCfg = Release|Any CPU
		{49AFA4A8-DFF8-4578-836B-08375CADDF10}.Release|Any CPU.Build.0 = Release|Any CPU
		{1D599DD8-9FDE-42AD-AFC8-CA893D0B48AA}.Debug|Any CPU.ActiveCfg = Debug|Any CPU
		{1D599DD8-9FDE-42AD-AFC8-CA893D0B48AA}.Debug|Any CPU.Build.0 = Debug|Any CPU
		{1D599DD8-9FDE-42AD-AFC8-CA893D0B48AA}.Release|Any CPU.ActiveCfg = Release|Any CPU
		{1D599DD8-9FDE-42AD-AFC8-CA893D0B48AA}.Release|Any CPU.Build.0 = Release|Any CPU
		{054D1C83-F455-49EC-A4D3-62C73ADCEA9B}.Debug|Any CPU.ActiveCfg = Debug|Any CPU
		{054D1C83-F455-49EC-A4D3-62C73ADCEA9B}.Debug|Any CPU.Build.0 = Debug|Any CPU
		{054D1C83-F455-49EC-A4D3-62C73ADCEA9B}.Release|Any CPU.ActiveCfg = Release|Any CPU
		{054D1C83-F455-49EC-A4D3-62C73ADCEA9B}.Release|Any CPU.Build.0 = Release|Any CPU
		{A6E2FDE1-FB5F-40BD-9698-9341E1F31A09}.Debug|Any CPU.ActiveCfg = Debug|Any CPU
		{A6E2FDE1-FB5F-40BD-9698-9341E1F31A09}.Debug|Any CPU.Build.0 = Debug|Any CPU
		{A6E2FDE1-FB5F-40BD-9698-9341E1F31A09}.Release|Any CPU.ActiveCfg = Release|Any CPU
		{A6E2FDE1-FB5F-40BD-9698-9341E1F31A09}.Release|Any CPU.Build.0 = Release|Any CPU
		{2783D776-5493-47D8-BC07-63B65EAAE0BC}.Debug|Any CPU.ActiveCfg = Debug|Any CPU
		{2783D776-5493-47D8-BC07-63B65EAAE0BC}.Debug|Any CPU.Build.0 = Debug|Any CPU
		{2783D776-5493-47D8-BC07-63B65EAAE0BC}.Release|Any CPU.ActiveCfg = Release|Any CPU
		{2783D776-5493-47D8-BC07-63B65EAAE0BC}.Release|Any CPU.Build.0 = Release|Any CPU
	EndGlobalSection
	GlobalSection(NestedProjects) = preSolution
		{49AFA4A8-DFF8-4578-836B-08375CADDF10} = {8A123566-36C1-4C27-B05A-8A88AF1C73CE}
		{1D599DD8-9FDE-42AD-AFC8-CA893D0B48AA} = {8A123566-36C1-4C27-B05A-8A88AF1C73CE}
		{054D1C83-F455-49EC-A4D3-62C73ADCEA9B} = {FF6B8C1E-E294-4016-94DD-E663D356CB5F}
		{A6E2FDE1-FB5F-40BD-9698-9341E1F31A09} = {8A123566-36C1-4C27-B05A-8A88AF1C73CE}
		{2783D776-5493-47D8-BC07-63B65EAAE0BC} = {FF6B8C1E-E294-4016-94DD-E663D356CB5F}
	EndGlobalSection
EndGlobal
